
Microsoft Visual Studio Solution File, Format Version 12.00
# Visual Studio Version 17
VisualStudioVersion = 17.7.34031.279
MinimumVisualStudioVersion = 10.0.40219.1
Project("{9A19103F-16F7-4668-BE54-9A1E7A4F7556}") = "Mooda.Api", "src\Mooda.Api\Mooda.Api.csproj", "{B5B1E42D-CF43-4FDF-93E1-FA3399CB0D74}"
EndProject
Project("{9A19103F-16F7-4668-BE54-9A1E7A4F7556}") = "Mooda.Application", "src\Mooda.Application\Mooda.Application.csproj", "{B79F833A-8BBB-4B29-9F85-88FCED870EDC}"
EndProject
Project("{9A19103F-16F7-4668-BE54-9A1E7A4F7556}") = "Mooda.Domain", "src\Mooda.Domain\Mooda.Domain.csproj", "{11F5BD4A-F337-47A6-AE78-C34F6B4444B4}"
EndProject
Project("{9A19103F-16F7-4668-BE54-9A1E7A4F7556}") = "Mooda.Host", "src\Mooda.Host\Mooda.Host.csproj", "{2988E057-97A7-4CC7-85D2-95CF467FCCFC}"
EndProject
Project("{9A19103F-16F7-4668-BE54-9A1E7A4F7556}") = "Mooda.Infrastructure", "src\Mooda.Infrastructure\Mooda.Infrastructure.csproj", "{BF2BDEA0-B3E2-40C1-BD75-0579FA3AB0C9}"
EndProject
Global
	GlobalSection(SolutionConfigurationPlatforms) = preSolution
		Debug|Any CPU = Debug|Any CPU
		Release|Any CPU = Release|Any CPU
	EndGlobalSection
	GlobalSection(ProjectConfigurationPlatforms) = postSolution
		{B5B1E42D-CF43-4FDF-93E1-FA3399CB0D74}.Debug|Any CPU.ActiveCfg = Debug|Any CPU
		{B5B1E42D-CF43-4FDF-93E1-FA3399CB0D74}.Debug|Any CPU.Build.0 = Debug|Any CPU
		{B5B1E42D-CF43-4FDF-93E1-FA3399CB0D74}.Release|Any CPU.ActiveCfg = Release|Any CPU
		{B5B1E42D-CF43-4FDF-93E1-FA3399CB0D74}.Release|Any CPU.Build.0 = Release|Any CPU
		{B79F833A-8BBB-4B29-9F85-88FCED870EDC}.Debug|Any CPU.ActiveCfg = Debug|Any CPU
		{B79F833A-8BBB-4B29-9F85-88FCED870EDC}.Debug|Any CPU.Build.0 = Debug|Any CPU
		{B79F833A-8BBB-4B29-9F85-88FCED870EDC}.Release|Any CPU.ActiveCfg = Release|Any CPU
		{B79F833A-8BBB-4B29-9F85-88FCED870EDC}.Release|Any CPU.Build.0 = Release|Any CPU
		{11F5BD4A-F337-47A6-AE78-C34F6B4444B4}.Debug|Any CPU.ActiveCfg = Debug|Any CPU
		{11F5BD4A-F337-47A6-AE78-C34F6B4444B4}.Debug|Any CPU.Build.0 = Debug|Any CPU
		{11F5BD4A-F337-47A6-AE78-C34F6B4444B4}.Release|Any CPU.ActiveCfg = Release|Any CPU
		{11F5BD4A-F337-47A6-AE78-C34F6B4444B4}.Release|Any CPU.Build.0 = Release|Any CPU
		{2988E057-97A7-4CC7-85D2-95CF467FCCFC}.Debug|Any CPU.ActiveCfg = Debug|Any CPU
		{2988E057-97A7-4CC7-85D2-95CF467FCCFC}.Debug|Any CPU.Build.0 = Debug|Any CPU
		{2988E057-97A7-4CC7-85D2-95CF467FCCFC}.Release|Any CPU.ActiveCfg = Release|Any CPU
		{2988E057-97A7-4CC7-85D2-95CF467FCCFC}.Release|Any CPU.Build.0 = Release|Any CPU
		{BF2BDEA0-B3E2-40C1-BD75-0579FA3AB0C9}.Debug|Any CPU.ActiveCfg = Debug|Any CPU
		{BF2BDEA0-B3E2-40C1-BD75-0579FA3AB0C9}.Debug|Any CPU.Build.0 = Debug|Any CPU
		{BF2BDEA0-B3E2-40C1-BD75-0579FA3AB0C9}.Release|Any CPU.ActiveCfg = Release|Any CPU
		{BF2BDEA0-B3E2-40C1-BD75-0579FA3AB0C9}.Release|Any CPU.Build.0 = Release|Any CPU
	EndGlobalSection
	GlobalSection(SolutionProperties) = preSolution
		HideSolutionNode = FALSE
	EndGlobalSection
	GlobalSection(ExtensibilityGlobals) = postSolution
		SolutionGuid = {FE3E8AE5-B155-4111-810A-C360EB9E6A19}
	EndGlobalSection
EndGlobal
